
Microsoft Visual Studio Solution File, Format Version 12.00
# Visual Studio Version 16
VisualStudioVersion = 16.0.31410.357
MinimumVisualStudioVersion = 10.0.40219.1
Project("{2150E333-8FDC-42A3-9474-1A3956D46DE8}") = "Services", "Services", "{8FA6DF9E-0E4A-494E-BE39-28B0232D2EA7}"
EndProject
Project("{2150E333-8FDC-42A3-9474-1A3956D46DE8}") = "Catalog", "Catalog", "{1BF113F5-A91E-4096-A4D8-8D72BA076C31}"
EndProject
Project("{FAE04EC0-301F-11D3-BF4B-00C04F79EFBC}") = "Catalog.API", "Services\Catalog\Catalog.API\Catalog.API.csproj", "{568086AC-6F4E-42BA-8E18-C329B16A41BF}"
EndProject
Global
	GlobalSection(SolutionConfigurationPlatforms) = preSolution
		Debug|Any CPU = Debug|Any CPU
		Release|Any CPU = Release|Any CPU
	EndGlobalSection
	GlobalSection(ProjectConfigurationPlatforms) = postSolution
		{568086AC-6F4E-42BA-8E18-C329B16A41BF}.Debug|Any CPU.ActiveCfg = Debug|Any CPU
		{568086AC-6F4E-42BA-8E18-C329B16A41BF}.Debug|Any CPU.Build.0 = Debug|Any CPU
		{568086AC-6F4E-42BA-8E18-C329B16A41BF}.Release|Any CPU.ActiveCfg = Release|Any CPU
		{568086AC-6F4E-42BA-8E18-C329B16A41BF}.Release|Any CPU.Build.0 = Release|Any CPU
	EndGlobalSection
	GlobalSection(SolutionProperties) = preSolution
		HideSolutionNode = FALSE
	EndGlobalSection
	GlobalSection(NestedProjects) = preSolution
		{1BF113F5-A91E-4096-A4D8-8D72BA076C31} = {8FA6DF9E-0E4A-494E-BE39-28B0232D2EA7}
		{568086AC-6F4E-42BA-8E18-C329B16A41BF} = {1BF113F5-A91E-4096-A4D8-8D72BA076C31}
	EndGlobalSection
	GlobalSection(ExtensibilityGlobals) = postSolution
		SolutionGuid = {48156F0F-B0D1-46E7-8780-9710B5D61D49}
	EndGlobalSection
EndGlobal
